// !$*UTF8*$!
{
	archiveVersion = 1;
	classes = {
	};
	objectVersion = 46;
	objects = {

/* Begin PBXBuildFile section */
		A46D9F381D8BCEC9005BB9A7 /* AppDelegate.swift in Sources */ = {isa = PBXBuildFile; fileRef = A46D9F371D8BCEC9005BB9A7 /* AppDelegate.swift */; };
		A46D9F3A1D8BCEC9005BB9A7 /* ViewController.swift in Sources */ = {isa = PBXBuildFile; fileRef = A46D9F391D8BCEC9005BB9A7 /* ViewController.swift */; };
		A46D9F3D1D8BCEC9005BB9A7 /* Main.storyboard in Resources */ = {isa = PBXBuildFile; fileRef = A46D9F3B1D8BCEC9005BB9A7 /* Main.storyboard */; };
		A46D9F3F1D8BCEC9005BB9A7 /* Assets.xcassets in Resources */ = {isa = PBXBuildFile; fileRef = A46D9F3E1D8BCEC9005BB9A7 /* Assets.xcassets */; };
		A46D9F421D8BCEC9005BB9A7 /* LaunchScreen.storyboard in Resources */ = {isa = PBXBuildFile; fileRef = A46D9F401D8BCEC9005BB9A7 /* LaunchScreen.storyboard */; };
		A46D9F4F1D8BCF03005BB9A7 /* 1.png in Resources */ = {isa = PBXBuildFile; fileRef = A46D9F491D8BCF02005BB9A7 /* 1.png */; };
		A46D9F501D8BCF03005BB9A7 /* 2.png in Resources */ = {isa = PBXBuildFile; fileRef = A46D9F4A1D8BCF02005BB9A7 /* 2.png */; };
		A46D9F511D8BCF03005BB9A7 /* 3.png in Resources */ = {isa = PBXBuildFile; fileRef = A46D9F4B1D8BCF02005BB9A7 /* 3.png */; };
		A46D9F521D8BCF03005BB9A7 /* 4.png in Resources */ = {isa = PBXBuildFile; fileRef = A46D9F4C1D8BCF02005BB9A7 /* 4.png */; };
		A46D9F531D8BCF03005BB9A7 /* 5.png in Resources */ = {isa = PBXBuildFile; fileRef = A46D9F4D1D8BCF02005BB9A7 /* 5.png */; };
		A46D9F541D8BCF03005BB9A7 /* 6.png in Resources */ = {isa = PBXBuildFile; fileRef = A46D9F4E1D8BCF02005BB9A7 /* 6.png */; };
		A46D9F561D8BD18F005BB9A7 /* back.jpg in Resources */ = {isa = PBXBuildFile; fileRef = A46D9F551D8BD18F005BB9A7 /* back.jpg */; };
/* End PBXBuildFile section */

/* Begin PBXFileReference section */
		A46D9F341D8BCEC9005BB9A7 /* SwiftVoiceChage1.app */ = {isa = PBXFileReference; explicitFileType = wrapper.application; includeInIndex = 0; path = SwiftVoiceChage1.app; sourceTree = BUILT_PRODUCTS_DIR; };
		A46D9F371D8BCEC9005BB9A7 /* AppDelegate.swift */ = {isa = PBXFileReference; lastKnownFileType = sourcecode.swift; path = AppDelegate.swift; sourceTree = "<group>"; };
		A46D9F391D8BCEC9005BB9A7 /* ViewController.swift */ = {isa = PBXFileReference; lastKnownFileType = sourcecode.swift; path = ViewController.swift; sourceTree = "<group>"; };
		A46D9F3C1D8BCEC9005BB9A7 /* Base */ = {isa = PBXFileReference; lastKnownFileType = file.storyboard; name = Base; path = Base.lproj/Main.storyboard; sourceTree = "<group>"; };
		A46D9F3E1D8BCEC9005BB9A7 /* Assets.xcassets */ = {isa = PBXFileReference; lastKnownFileType = folder.assetcatalog; path = Assets.xcassets; sourceTree = "<group>"; };
		A46D9F411D8BCEC9005BB9A7 /* Base */ = {isa = PBXFileReference; lastKnownFileType = file.storyboard; name = Base; path = Base.lproj/LaunchScreen.storyboard; sourceTree = "<group>"; };
		A46D9F431D8BCEC9005BB9A7 /* Info.plist */ = {isa = PBXFileReference; lastKnownFileType = text.plist.xml; path = Info.plist; sourceTree = "<group>"; };
		A46D9F491D8BCF02005BB9A7 /* 1.png */ = {isa = PBXFileReference; lastKnownFileType = image.png; path = 1.png; sourceTree = "<group>"; };
		A46D9F4A1D8BCF02005BB9A7 /* 2.png */ = {isa = PBXFileReference; lastKnownFileType = image.png; path = 2.png; sourceTree = "<group>"; };
		A46D9F4B1D8BCF02005BB9A7 /* 3.png */ = {isa = PBXFileReference; lastKnownFileType = image.png; path = 3.png; sourceTree = "<group>"; };
		A46D9F4C1D8BCF02005BB9A7 /* 4.png */ = {isa = PBXFileReference; lastKnownFileType = image.png; path = 4.png; sourceTree = "<group>"; };
		A46D9F4D1D8BCF02005BB9A7 /* 5.png */ = {isa = PBXFileReference; lastKnownFileType = image.png; path = 5.png; sourceTree = "<group>"; };
		A46D9F4E1D8BCF02005BB9A7 /* 6.png */ = {isa = PBXFileReference; lastKnownFileType = image.png; path = 6.png; sourceTree = "<group>"; };
		A46D9F551D8BD18F005BB9A7 /* back.jpg */ = {isa = PBXFileReference; lastKnownFileType = image.jpeg; path = back.jpg; sourceTree = "<group>"; };
/* End PBXFileReference section */

/* Begin PBXFrameworksBuildPhase section */
		A46D9F311D8BCEC8005BB9A7 /* Frameworks */ = {
			isa = PBXFrameworksBuildPhase;
			buildActionMask = 2147483647;
			files = (
			);
			runOnlyForDeploymentPostprocessing = 0;
		};
/* End PBXFrameworksBuildPhase section */

/* Begin PBXGroup section */
		A46D9F2B1D8BCEC8005BB9A7 = {
			isa = PBXGroup;
			children = (
				A46D9F361D8BCEC9005BB9A7 /* SwiftVoiceChage1 */,
				A46D9F351D8BCEC9005BB9A7 /* Products */,
			);
			sourceTree = "<group>";
		};
		A46D9F351D8BCEC9005BB9A7 /* Products */ = {
			isa = PBXGroup;
			children = (
				A46D9F341D8BCEC9005BB9A7 /* SwiftVoiceChage1.app */,
			);
			name = Products;
			sourceTree = "<group>";
		};
		A46D9F361D8BCEC9005BB9A7 /* SwiftVoiceChage1 */ = {
			isa = PBXGroup;
			children = (
				A46D9F491D8BCF02005BB9A7 /* 1.png */,
				A46D9F4A1D8BCF02005BB9A7 /* 2.png */,
				A46D9F4B1D8BCF02005BB9A7 /* 3.png */,
				A46D9F4C1D8BCF02005BB9A7 /* 4.png */,
				A46D9F4D1D8BCF02005BB9A7 /* 5.png */,
				A46D9F4E1D8BCF02005BB9A7 /* 6.png */,
				A46D9F551D8BD18F005BB9A7 /* back.jpg */,
				A46D9F371D8BCEC9005BB9A7 /* AppDelegate.swift */,
				A46D9F391D8BCEC9005BB9A7 /* ViewController.swift */,
				A46D9F3B1D8BCEC9005BB9A7 /* Main.storyboard */,
				A46D9F3E1D8BCEC9005BB9A7 /* Assets.xcassets */,
				A46D9F401D8BCEC9005BB9A7 /* LaunchScreen.storyboard */,
				A46D9F431D8BCEC9005BB9A7 /* Info.plist */,
			);
			path = SwiftVoiceChage1;
			sourceTree = "<group>";
		};
/* End PBXGroup section */

/* Begin PBXNativeTarget section */
		A46D9F331D8BCEC8005BB9A7 /* SwiftVoiceChage1 */ = {
			isa = PBXNativeTarget;
			buildConfigurationList = A46D9F461D8BCEC9005BB9A7 /* Build configuration list for PBXNativeTarget "SwiftVoiceChage1" */;
			buildPhases = (
				A46D9F301D8BCEC8005BB9A7 /* Sources */,
				A46D9F311D8BCEC8005BB9A7 /* Frameworks */,
				A46D9F321D8BCEC8005BB9A7 /* Resources */,
			);
			buildRules = (
			);
			dependencies = (
			);
			name = SwiftVoiceChage1;
			productName = SwiftVoiceChage1;
			productReference = A46D9F341D8BCEC9005BB9A7 /* SwiftVoiceChage1.app */;
			productType = "com.apple.product-type.application";
		};
/* End PBXNativeTarget section */

/* Begin PBXProject section */
		A46D9F2C1D8BCEC8005BB9A7 /* Project object */ = {
			isa = PBXProject;
			attributes = {
				LastSwiftUpdateCheck = 0800;
				LastUpgradeCheck = 0800;
				ORGANIZATIONNAME = "Yuta Fujii";
				TargetAttributes = {
					A46D9F331D8BCEC8005BB9A7 = {
						CreatedOnToolsVersion = 8.0;
						DevelopmentTeam = Z83AQ6M336;
						ProvisioningStyle = Automatic;
					};
				};
			};
			buildConfigurationList = A46D9F2F1D8BCEC8005BB9A7 /* Build configuration list for PBXProject "SwiftVoiceChage1" */;
			compatibilityVersion = "Xcode 3.2";
			developmentRegion = English;
			hasScannedForEncodings = 0;
			knownRegions = (
				en,
				Base,
			);
			mainGroup = A46D9F2B1D8BCEC8005BB9A7;
			productRefGroup = A46D9F351D8BCEC9005BB9A7 /* Products */;
			projectDirPath = "";
			projectRoot = "";
			targets = (
				A46D9F331D8BCEC8005BB9A7 /* SwiftVoiceChage1 */,
			);
		};
/* End PBXProject section */

/* Begin PBXResourcesBuildPhase section */
		A46D9F321D8BCEC8005BB9A7 /* Resources */ = {
			isa = PBXResourcesBuildPhase;
			buildActionMask = 2147483647;
			files = (
				A46D9F421D8BCEC9005BB9A7 /* LaunchScreen.storyboard in Resources */,
				A46D9F521D8BCF03005BB9A7 /* 4.png in Resources */,
				A46D9F4F1D8BCF03005BB9A7 /* 1.png in Resources */,
				A46D9F541D8BCF03005BB9A7 /* 6.png in Resources */,
				A46D9F501D8BCF03005BB9A7 /* 2.png in Resources */,
				A46D9F511D8BCF03005BB9A7 /* 3.png in Resources */,
				A46D9F561D8BD18F005BB9A7 /* back.jpg in Resources */,
				A46D9F531D8BCF03005BB9A7 /* 5.png in Resources */,
				A46D9F3F1D8BCEC9005BB9A7 /* Assets.xcassets in Resources */,
				A46D9F3D1D8BCEC9005BB9A7 /* Main.storyboard in Resources */,
			);
			runOnlyForDeploymentPostprocessing = 0;
		};
/* End PBXResourcesBuildPhase section */

/* Begin PBXSourcesBuildPhase section */
		A46D9F301D8BCEC8005BB9A7 /* Sources */ = {
			isa = PBXSourcesBuildPhase;
			buildActionMask = 2147483647;
			files = (
				A46D9F3A1D8BCEC9005BB9A7 /* ViewController.swift in Sources */,
				A46D9F381D8BCEC9005BB9A7 /* AppDelegate.swift in Sources */,
			);
			runOnlyForDeploymentPostprocessing = 0;
		};
/* End PBXSourcesBuildPhase section */

/* Begin PBXVariantGroup section */
		A46D9F3B1D8BCEC9005BB9A7 /* Main.storyboard */ = {
			isa = PBXVariantGroup;
			children = (
				A46D9F3C1D8BCEC9005BB9A7 /* Base */,
			);
			name = Main.storyboard;
			sourceTree = "<group>";
		};
		A46D9F401D8BCEC9005BB9A7 /* LaunchScreen.storyboard */ = {
			isa = PBXVariantGroup;
			children = (
				A46D9F411D8BCEC9005BB9A7 /* Base */,
			);
			name = LaunchScreen.storyboard;
			sourceTree = "<group>";
		};
/* End PBXVariantGroup section */

/* Begin XCBuildConfiguration section */
		A46D9F441D8BCEC9005BB9A7 /* Debug */ = {
			isa = XCBuildConfiguration;
			buildSettings = {
				ALWAYS_SEARCH_USER_PATHS = NO;
				CLANG_ANALYZER_NONNULL = YES;
				CLANG_CXX_LANGUAGE_STANDARD = "gnu++0x";
				CLANG_CXX_LIBRARY = "libc++";
				CLANG_ENABLE_MODULES = YES;
				CLANG_ENABLE_OBJC_ARC = YES;
				CLANG_WARN_BOOL_CONVERSION = YES;
				CLANG_WARN_CONSTANT_CONVERSION = YES;
				CLANG_WARN_DIRECT_OBJC_ISA_USAGE = YES_ERROR;
				CLANG_WARN_DOCUMENTATION_COMMENTS = YES;
				CLANG_WARN_EMPTY_BODY = YES;
				CLANG_WARN_ENUM_CONVERSION = YES;
				CLANG_WARN_INFINITE_RECURSION = YES;
				CLANG_WARN_INT_CONVERSION = YES;
				CLANG_WARN_OBJC_ROOT_CLASS = YES_ERROR;
				CLANG_WARN_SUSPICIOUS_MOVES = YES;
				CLANG_WARN_UNREACHABLE_CODE = YES;
				CLANG_WARN__DUPLICATE_METHOD_MATCH = YES;
				"CODE_SIGN_IDENTITY[sdk=iphoneos*]" = "iPhone Developer";
				COPY_PHASE_STRIP = NO;
				DEBUG_INFORMATION_FORMAT = dwarf;
				ENABLE_STRICT_OBJC_MSGSEND = YES;
				ENABLE_TESTABILITY = YES;
				GCC_C_LANGUAGE_STANDARD = gnu99;
				GCC_DYNAMIC_NO_PIC = NO;
				GCC_NO_COMMON_BLOCKS = YES;
				GCC_OPTIMIZATION_LEVEL = 0;
				GCC_PREPROCESSOR_DEFINITIONS = (
					"DEBUG=1",
					"$(inherited)",
				);
				GCC_WARN_64_TO_32_BIT_CONVERSION = YES;
				GCC_WARN_ABOUT_RETURN_TYPE = YES_ERROR;
				GCC_WARN_UNDECLARED_SELECTOR = YES;
				GCC_WARN_UNINITIALIZED_AUTOS = YES_AGGRESSIVE;
				GCC_WARN_UNUSED_FUNCTION = YES;
				GCC_WARN_UNUSED_VARIABLE = YES;
				IPHONEOS_DEPLOYMENT_TARGET = 10.0;
				MTL_ENABLE_DEBUG_INFO = YES;
				ONLY_ACTIVE_ARCH = YES;
				SDKROOT = iphoneos;
				SWIFT_ACTIVE_COMPILATION_CONDITIONS = DEBUG;
				SWIFT_OPTIMIZATION_LEVEL = "-Onone";
			};
			name = Debug;
		};
		A46D9F451D8BCEC9005BB9A7 /* Release */ = {
			isa = XCBuildConfiguration;
			buildSettings = {
				ALWAYS_SEARCH_USER_PATHS = NO;
				CLANG_ANALYZER_NONNULL = YES;
				CLANG_CXX_LANGUAGE_STANDARD = "gnu++0x";
				CLANG_CXX_LIBRARY = "libc++";
				CLANG_ENABLE_MODULES = YES;
				CLANG_ENABLE_OBJC_ARC = YES;
				CLANG_WARN_BOOL_CONVERSION = YES;
				CLANG_WARN_CONSTANT_CONVERSION = YES;
				CLANG_WARN_DIRECT_OBJC_ISA_USAGE = YES_ERROR;
				CLANG_WARN_DOCUMENTATION_COMMENTS = YES;
				CLANG_WARN_EMPTY_BODY = YES;
				CLANG_WARN_ENUM_CONVERSION = YES;
				CLANG_WARN_INFINITE_RECURSION = YES;
				CLANG_WARN_INT_CONVERSION = YES;
				CLANG_WARN_OBJC_ROOT_CLASS = YES_ERROR;
				CLANG_WARN_SUSPICIOUS_MOVES = YES;
				CLANG_WARN_UNREACHABLE_CODE = YES;
				CLANG_WARN__DUPLICATE_METHOD_MATCH = YES;
				"CODE_SIGN_IDENTITY[sdk=iphoneos*]" = "iPhone Developer";
				COPY_PHASE_STRIP = NO;
				DEBUG_INFORMATION_FORMAT = "dwarf-with-dsym";
				ENABLE_NS_ASSERTIONS = NO;
				ENABLE_STRICT_OBJC_MSGSEND = YES;
				GCC_C_LANGUAGE_STANDARD = gnu99;
				GCC_NO_COMMON_BLOCKS = YES;
				GCC_WARN_64_TO_32_BIT_CONVERSION = YES;
				GCC_WARN_ABOUT_RETURN_TYPE = YES_ERROR;
				GCC_WARN_UNDECLARED_SELECTOR = YES;
				GCC_WARN_UNINITIALIZED_AUTOS = YES_AGGRESSIVE;
				GCC_WARN_UNUSED_FUNCTION = YES;
				GCC_WARN_UNUSED_VARIABLE = YES;
				IPHONEOS_DEPLOYMENT_TARGET = 10.0;
				MTL_ENABLE_DEBUG_INFO = NO;
				SDKROOT = iphoneos;
				SWIFT_OPTIMIZATION_LEVEL = "-Owholemodule";
				VALIDATE_PRODUCT = YES;
			};
			name = Release;
		};
		A46D9F471D8BCEC9005BB9A7 /* Debug */ = {
			isa = XCBuildConfiguration;
			buildSettings = {
				ASSETCATALOG_COMPILER_APPICON_NAME = AppIcon;
				DEVELOPMENT_TEAM = Z83AQ6M336;
				INFOPLIST_FILE = SwiftVoiceChage1/Info.plist;
				LD_RUNPATH_SEARCH_PATHS = "$(inherited) @executable_path/Frameworks";
				PRODUCT_BUNDLE_IDENTIFIER = com.yuta.SwiftVoiceChage1;
				PRODUCT_NAME = "$(TARGET_NAME)";
				SWIFT_VERSION = 3.0;
			};
			name = Debug;
		};
		A46D9F481D8BCEC9005BB9A7 /* Release */ = {
			isa = XCBuildConfiguration;
			buildSettings = {
				ASSETCATALOG_COMPILER_APPICON_NAME = AppIcon;
				DEVELOPMENT_TEAM = Z83AQ6M336;
				INFOPLIST_FILE = SwiftVoiceChage1/Info.plist;
				LD_RUNPATH_SEARCH_PATHS = "$(inherited) @executable_path/Frameworks";
				PRODUCT_BUNDLE_IDENTIFIER = com.yuta.SwiftVoiceChage1;
				PRODUCT_NAME = "$(TARGET_NAME)";
				SWIFT_VERSION = 3.0;
			};
			name = Release;
		};
/* End XCBuildConfiguration section */

/* Begin XCConfigurationList section */
		A46D9F2F1D8BCEC8005BB9A7 /* Build configuration list for PBXProject "SwiftVoiceChage1" */ = {
			isa = XCConfigurationList;
			buildConfigurations = (
				A46D9F441D8BCEC9005BB9A7 /* Debug */,
				A46D9F451D8BCEC9005BB9A7 /* Release */,
			);
			defaultConfigurationIsVisible = 0;
			defaultConfigurationName = Release;
		};
		A46D9F461D8BCEC9005BB9A7 /* Build configuration list for PBXNativeTarget "SwiftVoiceChage1" */ = {
			isa = XCConfigurationList;
			buildConfigurations = (
				A46D9F471D8BCEC9005BB9A7 /* Debug */,
				A46D9F481D8BCEC9005BB9A7 /* Release */,
			);
			defaultConfigurationIsVisible = 0;
		};
/* End XCConfigurationList section */
	};
	rootObject = A46D9F2C1D8BCEC8005BB9A7 /* Project object */;
}
